
Microsoft Visual Studio Solution File, Format Version 12.00
# Visual Studio Version 16
VisualStudioVersion = 16.0.31624.102
MinimumVisualStudioVersion = 10.0.40219.1
Project("{FAE04EC0-301F-11D3-BF4B-00C04F79EFBC}") = "Task01", "Task01\Task01.csproj", "{D36AC491-6591-4E5F-BA82-2E744E4617F9}"
EndProject
Project("{FAE04EC0-301F-11D3-BF4B-00C04F79EFBC}") = "Task02", "Task02\Task02.csproj", "{64BBD78D-3CFC-41C6-90F5-8DBAAF7CA2A7}"
EndProject
Project("{FAE04EC0-301F-11D3-BF4B-00C04F79EFBC}") = "Task03", "Task03\Task03.csproj", "{A1CAAC92-8D88-4945-8A0B-99BD817C7ADD}"
EndProject
Global
	GlobalSection(SolutionConfigurationPlatforms) = preSolution
		Debug|Any CPU = Debug|Any CPU
		Release|Any CPU = Release|Any CPU
	EndGlobalSection
	GlobalSection(ProjectConfigurationPlatforms) = postSolution
		{D36AC491-6591-4E5F-BA82-2E744E4617F9}.Debug|Any CPU.ActiveCfg = Debug|Any CPU
		{D36AC491-6591-4E5F-BA82-2E744E4617F9}.Debug|Any CPU.Build.0 = Debug|Any CPU
		{D36AC491-6591-4E5F-BA82-2E744E4617F9}.Release|Any CPU.ActiveCfg = Release|Any CPU
		{D36AC491-6591-4E5F-BA82-2E744E4617F9}.Release|Any CPU.Build.0 = Release|Any CPU
		{64BBD78D-3CFC-41C6-90F5-8DBAAF7CA2A7}.Debug|Any CPU.ActiveCfg = Debug|Any CPU
		{64BBD78D-3CFC-41C6-90F5-8DBAAF7CA2A7}.Debug|Any CPU.Build.0 = Debug|Any CPU
		{64BBD78D-3CFC-41C6-90F5-8DBAAF7CA2A7}.Release|Any CPU.ActiveCfg = Release|Any CPU
		{64BBD78D-3CFC-41C6-90F5-8DBAAF7CA2A7}.Release|Any CPU.Build.0 = Release|Any CPU
		{A1CAAC92-8D88-4945-8A0B-99BD817C7ADD}.Debug|Any CPU.ActiveCfg = Debug|Any CPU
		{A1CAAC92-8D88-4945-8A0B-99BD817C7ADD}.Debug|Any CPU.Build.0 = Debug|Any CPU
		{A1CAAC92-8D88-4945-8A0B-99BD817C7ADD}.Release|Any CPU.ActiveCfg = Release|Any CPU
		{A1CAAC92-8D88-4945-8A0B-99BD817C7ADD}.Release|Any CPU.Build.0 = Release|Any CPU
	EndGlobalSection
	GlobalSection(SolutionProperties) = preSolution
		HideSolutionNode = FALSE
	EndGlobalSection
	GlobalSection(ExtensibilityGlobals) = postSolution
		SolutionGuid = {3861544C-BC0D-48AC-A52D-92E097786857}
	EndGlobalSection
EndGlobal
