
Microsoft Visual Studio Solution File, Format Version 12.00
# Visual Studio Version 16
VisualStudioVersion = 16.0.31624.102
MinimumVisualStudioVersion = 10.0.40219.1
Project("{FAE04EC0-301F-11D3-BF4B-00C04F79EFBC}") = "Task01", "Task01\Task01.csproj", "{FB6C7725-AA4B-4D19-AF1A-AC841D124CAA}"
EndProject
Global
	GlobalSection(SolutionConfigurationPlatforms) = preSolution
		Debug|Any CPU = Debug|Any CPU
		Release|Any CPU = Release|Any CPU
	EndGlobalSection
	GlobalSection(ProjectConfigurationPlatforms) = postSolution
		{FB6C7725-AA4B-4D19-AF1A-AC841D124CAA}.Debug|Any CPU.ActiveCfg = Debug|Any CPU
		{FB6C7725-AA4B-4D19-AF1A-AC841D124CAA}.Debug|Any CPU.Build.0 = Debug|Any CPU
		{FB6C7725-AA4B-4D19-AF1A-AC841D124CAA}.Release|Any CPU.ActiveCfg = Release|Any CPU
		{FB6C7725-AA4B-4D19-AF1A-AC841D124CAA}.Release|Any CPU.Build.0 = Release|Any CPU
	EndGlobalSection
	GlobalSection(SolutionProperties) = preSolution
		HideSolutionNode = FALSE
	EndGlobalSection
	GlobalSection(ExtensibilityGlobals) = postSolution
		SolutionGuid = {7C500648-D13E-4AE6-BA68-09712337AF3D}
	EndGlobalSection
EndGlobal
