
Microsoft Visual Studio Solution File, Format Version 12.00
# Visual Studio Version 16
VisualStudioVersion = 16.0.31624.102
MinimumVisualStudioVersion = 10.0.40219.1
Project("{FAE04EC0-301F-11D3-BF4B-00C04F79EFBC}") = "Task01", "Task01\Task01.csproj", "{3B5006DC-AC65-408D-8F8A-C4D1857CF78B}"
EndProject
Global
	GlobalSection(SolutionConfigurationPlatforms) = preSolution
		Debug|Any CPU = Debug|Any CPU
		Release|Any CPU = Release|Any CPU
	EndGlobalSection
	GlobalSection(ProjectConfigurationPlatforms) = postSolution
		{3B5006DC-AC65-408D-8F8A-C4D1857CF78B}.Debug|Any CPU.ActiveCfg = Debug|Any CPU
		{3B5006DC-AC65-408D-8F8A-C4D1857CF78B}.Debug|Any CPU.Build.0 = Debug|Any CPU
		{3B5006DC-AC65-408D-8F8A-C4D1857CF78B}.Release|Any CPU.ActiveCfg = Release|Any CPU
		{3B5006DC-AC65-408D-8F8A-C4D1857CF78B}.Release|Any CPU.Build.0 = Release|Any CPU
	EndGlobalSection
	GlobalSection(SolutionProperties) = preSolution
		HideSolutionNode = FALSE
	EndGlobalSection
	GlobalSection(ExtensibilityGlobals) = postSolution
		SolutionGuid = {6F781281-406F-43BF-A469-E82BACABEAE1}
	EndGlobalSection
EndGlobal
