
Microsoft Visual Studio Solution File, Format Version 12.00
# Visual Studio Version 16
VisualStudioVersion = 16.0.31624.102
MinimumVisualStudioVersion = 10.0.40219.1
Project("{FAE04EC0-301F-11D3-BF4B-00C04F79EFBC}") = "Task01", "Task01\Task01.csproj", "{9E545322-07D8-4EBB-9F52-7B520F44A3ED}"
EndProject
Global
	GlobalSection(SolutionConfigurationPlatforms) = preSolution
		Debug|Any CPU = Debug|Any CPU
		Release|Any CPU = Release|Any CPU
	EndGlobalSection
	GlobalSection(ProjectConfigurationPlatforms) = postSolution
		{9E545322-07D8-4EBB-9F52-7B520F44A3ED}.Debug|Any CPU.ActiveCfg = Debug|Any CPU
		{9E545322-07D8-4EBB-9F52-7B520F44A3ED}.Debug|Any CPU.Build.0 = Debug|Any CPU
		{9E545322-07D8-4EBB-9F52-7B520F44A3ED}.Release|Any CPU.ActiveCfg = Release|Any CPU
		{9E545322-07D8-4EBB-9F52-7B520F44A3ED}.Release|Any CPU.Build.0 = Release|Any CPU
	EndGlobalSection
	GlobalSection(SolutionProperties) = preSolution
		HideSolutionNode = FALSE
	EndGlobalSection
	GlobalSection(ExtensibilityGlobals) = postSolution
		SolutionGuid = {FF42E2EC-0E1C-4D75-94F8-6D5D5081ADDE}
	EndGlobalSection
EndGlobal
