
Microsoft Visual Studio Solution File, Format Version 12.00
# Visual Studio Version 16
VisualStudioVersion = 16.0.31624.102
MinimumVisualStudioVersion = 10.0.40219.1
Project("{FAE04EC0-301F-11D3-BF4B-00C04F79EFBC}") = "Task01", "Task01\Task01.csproj", "{7EA3E7E7-D9D2-47DD-ACEA-3E8656A46BCF}"
EndProject
Global
	GlobalSection(SolutionConfigurationPlatforms) = preSolution
		Debug|Any CPU = Debug|Any CPU
		Release|Any CPU = Release|Any CPU
	EndGlobalSection
	GlobalSection(ProjectConfigurationPlatforms) = postSolution
		{7EA3E7E7-D9D2-47DD-ACEA-3E8656A46BCF}.Debug|Any CPU.ActiveCfg = Debug|Any CPU
		{7EA3E7E7-D9D2-47DD-ACEA-3E8656A46BCF}.Debug|Any CPU.Build.0 = Debug|Any CPU
		{7EA3E7E7-D9D2-47DD-ACEA-3E8656A46BCF}.Release|Any CPU.ActiveCfg = Release|Any CPU
		{7EA3E7E7-D9D2-47DD-ACEA-3E8656A46BCF}.Release|Any CPU.Build.0 = Release|Any CPU
	EndGlobalSection
	GlobalSection(SolutionProperties) = preSolution
		HideSolutionNode = FALSE
	EndGlobalSection
	GlobalSection(ExtensibilityGlobals) = postSolution
		SolutionGuid = {6A0E0386-132C-4FEF-9EF7-582B07775DE5}
	EndGlobalSection
EndGlobal
