
Microsoft Visual Studio Solution File, Format Version 12.00
# Visual Studio Version 16
VisualStudioVersion = 16.0.31624.102
MinimumVisualStudioVersion = 10.0.40219.1
Project("{FAE04EC0-301F-11D3-BF4B-00C04F79EFBC}") = "Task01", "Task01\Task01.csproj", "{D5F8AEB6-121F-4E0A-9A55-81321118B40E}"
EndProject
Global
	GlobalSection(SolutionConfigurationPlatforms) = preSolution
		Debug|Any CPU = Debug|Any CPU
		Release|Any CPU = Release|Any CPU
	EndGlobalSection
	GlobalSection(ProjectConfigurationPlatforms) = postSolution
		{D5F8AEB6-121F-4E0A-9A55-81321118B40E}.Debug|Any CPU.ActiveCfg = Debug|Any CPU
		{D5F8AEB6-121F-4E0A-9A55-81321118B40E}.Debug|Any CPU.Build.0 = Debug|Any CPU
		{D5F8AEB6-121F-4E0A-9A55-81321118B40E}.Release|Any CPU.ActiveCfg = Release|Any CPU
		{D5F8AEB6-121F-4E0A-9A55-81321118B40E}.Release|Any CPU.Build.0 = Release|Any CPU
	EndGlobalSection
	GlobalSection(SolutionProperties) = preSolution
		HideSolutionNode = FALSE
	EndGlobalSection
	GlobalSection(ExtensibilityGlobals) = postSolution
		SolutionGuid = {AE6360E6-2E9C-46D5-A88F-069ECA5FAE60}
	EndGlobalSection
EndGlobal
