
Microsoft Visual Studio Solution File, Format Version 12.00
# Visual Studio Version 16
VisualStudioVersion = 16.0.31624.102
MinimumVisualStudioVersion = 10.0.40219.1
Project("{FAE04EC0-301F-11D3-BF4B-00C04F79EFBC}") = "Task01", "Task01\Task01.csproj", "{BA26F369-6E03-470A-A92A-9B7DB8484DC0}"
EndProject
Global
	GlobalSection(SolutionConfigurationPlatforms) = preSolution
		Debug|Any CPU = Debug|Any CPU
		Release|Any CPU = Release|Any CPU
	EndGlobalSection
	GlobalSection(ProjectConfigurationPlatforms) = postSolution
		{BA26F369-6E03-470A-A92A-9B7DB8484DC0}.Debug|Any CPU.ActiveCfg = Debug|Any CPU
		{BA26F369-6E03-470A-A92A-9B7DB8484DC0}.Debug|Any CPU.Build.0 = Debug|Any CPU
		{BA26F369-6E03-470A-A92A-9B7DB8484DC0}.Release|Any CPU.ActiveCfg = Release|Any CPU
		{BA26F369-6E03-470A-A92A-9B7DB8484DC0}.Release|Any CPU.Build.0 = Release|Any CPU
	EndGlobalSection
	GlobalSection(SolutionProperties) = preSolution
		HideSolutionNode = FALSE
	EndGlobalSection
	GlobalSection(ExtensibilityGlobals) = postSolution
		SolutionGuid = {2930BF6A-68AE-47AE-8345-920E43DFCAC7}
	EndGlobalSection
EndGlobal
