
Microsoft Visual Studio Solution File, Format Version 12.00
# Visual Studio Version 16
VisualStudioVersion = 16.0.31624.102
MinimumVisualStudioVersion = 10.0.40219.1
Project("{FAE04EC0-301F-11D3-BF4B-00C04F79EFBC}") = "Task01", "Task01\Task01.csproj", "{ACC43BFF-76A7-47D0-8BA3-1AA1ADE476BE}"
EndProject
Global
	GlobalSection(SolutionConfigurationPlatforms) = preSolution
		Debug|Any CPU = Debug|Any CPU
		Release|Any CPU = Release|Any CPU
	EndGlobalSection
	GlobalSection(ProjectConfigurationPlatforms) = postSolution
		{ACC43BFF-76A7-47D0-8BA3-1AA1ADE476BE}.Debug|Any CPU.ActiveCfg = Debug|Any CPU
		{ACC43BFF-76A7-47D0-8BA3-1AA1ADE476BE}.Debug|Any CPU.Build.0 = Debug|Any CPU
		{ACC43BFF-76A7-47D0-8BA3-1AA1ADE476BE}.Release|Any CPU.ActiveCfg = Release|Any CPU
		{ACC43BFF-76A7-47D0-8BA3-1AA1ADE476BE}.Release|Any CPU.Build.0 = Release|Any CPU
	EndGlobalSection
	GlobalSection(SolutionProperties) = preSolution
		HideSolutionNode = FALSE
	EndGlobalSection
	GlobalSection(ExtensibilityGlobals) = postSolution
		SolutionGuid = {403FF5DF-EFB9-4AAA-B1C7-F2B44149690E}
	EndGlobalSection
EndGlobal
