
Microsoft Visual Studio Solution File, Format Version 12.00
# Visual Studio Version 16
VisualStudioVersion = 16.0.31624.102
MinimumVisualStudioVersion = 10.0.40219.1
Project("{FAE04EC0-301F-11D3-BF4B-00C04F79EFBC}") = "Task01", "Task01\Task01.csproj", "{EE9E94D3-AE86-4B6A-9595-E8FB68082A39}"
EndProject
Project("{FAE04EC0-301F-11D3-BF4B-00C04F79EFBC}") = "Task02", "Task02\Task02.csproj", "{D2FBBA13-03D0-4C79-B744-57BCD1C5ACD2}"
EndProject
Global
	GlobalSection(SolutionConfigurationPlatforms) = preSolution
		Debug|Any CPU = Debug|Any CPU
		Release|Any CPU = Release|Any CPU
	EndGlobalSection
	GlobalSection(ProjectConfigurationPlatforms) = postSolution
		{EE9E94D3-AE86-4B6A-9595-E8FB68082A39}.Debug|Any CPU.ActiveCfg = Debug|Any CPU
		{EE9E94D3-AE86-4B6A-9595-E8FB68082A39}.Debug|Any CPU.Build.0 = Debug|Any CPU
		{EE9E94D3-AE86-4B6A-9595-E8FB68082A39}.Release|Any CPU.ActiveCfg = Release|Any CPU
		{EE9E94D3-AE86-4B6A-9595-E8FB68082A39}.Release|Any CPU.Build.0 = Release|Any CPU
		{D2FBBA13-03D0-4C79-B744-57BCD1C5ACD2}.Debug|Any CPU.ActiveCfg = Debug|Any CPU
		{D2FBBA13-03D0-4C79-B744-57BCD1C5ACD2}.Debug|Any CPU.Build.0 = Debug|Any CPU
		{D2FBBA13-03D0-4C79-B744-57BCD1C5ACD2}.Release|Any CPU.ActiveCfg = Release|Any CPU
		{D2FBBA13-03D0-4C79-B744-57BCD1C5ACD2}.Release|Any CPU.Build.0 = Release|Any CPU
	EndGlobalSection
	GlobalSection(SolutionProperties) = preSolution
		HideSolutionNode = FALSE
	EndGlobalSection
	GlobalSection(ExtensibilityGlobals) = postSolution
		SolutionGuid = {F44E7F8D-FF52-4913-9FC2-41273066A54B}
	EndGlobalSection
EndGlobal
